
Microsoft Visual Studio Solution File, Format Version 12.00
# Visual Studio Version 16
VisualStudioVersion = 16.0.29728.190
MinimumVisualStudioVersion = 10.0.40219.1
Project("{FAE04EC0-301F-11D3-BF4B-00C04F79EFBC}") = "Naos.Azure.Domain", "Naos.Azure.Domain\Naos.Azure.Domain.csproj", "{2FF77BF1-1C00-4DA8-BD01-425B0D5ADDAC}"
EndProject
Project("{FAE04EC0-301F-11D3-BF4B-00C04F79EFBC}") = "Naos.Azure.Domain.Test", "Naos.Azure.Domain.Test\Naos.Azure.Domain.Test.csproj", "{5E4ACAB8-4F51-4726-9560-1716D77C417A}"
EndProject
Project("{FAE04EC0-301F-11D3-BF4B-00C04F79EFBC}") = "Naos.Azure.Serialization.Bson", "Naos.Azure.Serialization.Bson\Naos.Azure.Serialization.Bson.csproj", "{90C0F0F3-CCCC-4787-AC0C-398261A34712}"
EndProject
Project("{FAE04EC0-301F-11D3-BF4B-00C04F79EFBC}") = "Naos.Azure.Serialization.Json", "Naos.Azure.Serialization.Json\Naos.Azure.Serialization.Json.csproj", "{36545B58-3A58-418B-B8DE-4F25BB064199}"
EndProject
Project("{2150E333-8FDC-42A3-9474-1A3956D46DE8}") = "Solution Items", "Solution Items", "{E8F5CFC4-D16C-4D10-865B-7BE9A8F19C86}"
	ProjectSection(SolutionItems) = preProject
		.gitignore = .gitignore
		LICENSE = LICENSE
		Naos.Azure.sln.DotSettings = Naos.Azure.sln.DotSettings
		README.md = README.md
		RepoConfig.state = RepoConfig.state
	EndProjectSection
EndProject
Project("{FAE04EC0-301F-11D3-BF4B-00C04F79EFBC}") = "Naos.Azure.Protocol.Blob.Client", "Naos.Azure.Protocol.Blob.Client\Naos.Azure.Protocol.Blob.Client.csproj", "{14234B98-C4F1-4282-A7A1-6B4B8765739C}"
EndProject
Project("{FAE04EC0-301F-11D3-BF4B-00C04F79EFBC}") = "Naos.Azure.Protocol.Blob.Client.Test", "Naos.Azure.Protocol.Blob.Client.Test\Naos.Azure.Protocol.Blob.Client.Test.csproj", "{0C93D8B6-8883-4602-B451-ABBFC61D6C2D}"
EndProject
Global
	GlobalSection(SolutionConfigurationPlatforms) = preSolution
		Debug|Any CPU = Debug|Any CPU
		Release|Any CPU = Release|Any CPU
	EndGlobalSection
	GlobalSection(ProjectConfigurationPlatforms) = postSolution
		{2FF77BF1-1C00-4DA8-BD01-425B0D5ADDAC}.Debug|Any CPU.ActiveCfg = Debug|Any CPU
		{2FF77BF1-1C00-4DA8-BD01-425B0D5ADDAC}.Debug|Any CPU.Build.0 = Debug|Any CPU
		{2FF77BF1-1C00-4DA8-BD01-425B0D5ADDAC}.Release|Any CPU.ActiveCfg = Release|Any CPU
		{2FF77BF1-1C00-4DA8-BD01-425B0D5ADDAC}.Release|Any CPU.Build.0 = Release|Any CPU
		{5E4ACAB8-4F51-4726-9560-1716D77C417A}.Debug|Any CPU.ActiveCfg = Debug|Any CPU
		{5E4ACAB8-4F51-4726-9560-1716D77C417A}.Debug|Any CPU.Build.0 = Debug|Any CPU
		{5E4ACAB8-4F51-4726-9560-1716D77C417A}.Release|Any CPU.ActiveCfg = Release|Any CPU
		{5E4ACAB8-4F51-4726-9560-1716D77C417A}.Release|Any CPU.Build.0 = Release|Any CPU
		{90C0F0F3-CCCC-4787-AC0C-398261A34712}.Debug|Any CPU.ActiveCfg = Debug|Any CPU
		{90C0F0F3-CCCC-4787-AC0C-398261A34712}.Debug|Any CPU.Build.0 = Debug|Any CPU
		{90C0F0F3-CCCC-4787-AC0C-398261A34712}.Release|Any CPU.ActiveCfg = Release|Any CPU
		{90C0F0F3-CCCC-4787-AC0C-398261A34712}.Release|Any CPU.Build.0 = Release|Any CPU
		{36545B58-3A58-418B-B8DE-4F25BB064199}.Debug|Any CPU.ActiveCfg = Debug|Any CPU
		{36545B58-3A58-418B-B8DE-4F25BB064199}.Debug|Any CPU.Build.0 = Debug|Any CPU
		{36545B58-3A58-418B-B8DE-4F25BB064199}.Release|Any CPU.ActiveCfg = Release|Any CPU
		{36545B58-3A58-418B-B8DE-4F25BB064199}.Release|Any CPU.Build.0 = Release|Any CPU
		{14234B98-C4F1-4282-A7A1-6B4B8765739C}.Debug|Any CPU.ActiveCfg = Debug|Any CPU
		{14234B98-C4F1-4282-A7A1-6B4B8765739C}.Debug|Any CPU.Build.0 = Debug|Any CPU
		{14234B98-C4F1-4282-A7A1-6B4B8765739C}.Release|Any CPU.ActiveCfg = Release|Any CPU
		{14234B98-C4F1-4282-A7A1-6B4B8765739C}.Release|Any CPU.Build.0 = Release|Any CPU
		{0C93D8B6-8883-4602-B451-ABBFC61D6C2D}.Debug|Any CPU.ActiveCfg = Debug|Any CPU
		{0C93D8B6-8883-4602-B451-ABBFC61D6C2D}.Debug|Any CPU.Build.0 = Debug|Any CPU
		{0C93D8B6-8883-4602-B451-ABBFC61D6C2D}.Release|Any CPU.ActiveCfg = Release|Any CPU
		{0C93D8B6-8883-4602-B451-ABBFC61D6C2D}.Release|Any CPU.Build.0 = Release|Any CPU
	EndGlobalSection
	GlobalSection(SolutionProperties) = preSolution
		HideSolutionNode = FALSE
	EndGlobalSection
	GlobalSection(ExtensibilityGlobals) = postSolution
		SolutionGuid = {82CE468D-383E-438C-AFA0-FBF9ADB183F7}
	EndGlobalSection
EndGlobal
